
Microsoft Visual Studio Solution File, Format Version 12.00
# Visual Studio Version 17
VisualStudioVersion = 17.10.35004.147
MinimumVisualStudioVersion = 10.0.40219.1
Project("{9A19103F-16F7-4668-BE54-9A1E7A4F7556}") = "EventRegistrationApp", "EventRegistrationApp.csproj", "{38D3A91D-A420-4511-B830-897D0F9F4BFC}"
EndProject
Project("{9A19103F-16F7-4668-BE54-9A1E7A4F7556}") = "EventRegistrationApi", "..\EventRegistrationApi\EventRegistrationApi.csproj", "{C58BCD6F-5508-42DC-93F8-999482BF0B68}"
EndProject
Global
	GlobalSection(SolutionConfigurationPlatforms) = preSolution
		Debug|Any CPU = Debug|Any CPU
		Release|Any CPU = Release|Any CPU
	EndGlobalSection
	GlobalSection(ProjectConfigurationPlatforms) = postSolution
		{38D3A91D-A420-4511-B830-897D0F9F4BFC}.Debug|Any CPU.ActiveCfg = Debug|Any CPU
		{38D3A91D-A420-4511-B830-897D0F9F4BFC}.Debug|Any CPU.Build.0 = Debug|Any CPU
		{38D3A91D-A420-4511-B830-897D0F9F4BFC}.Release|Any CPU.ActiveCfg = Release|Any CPU
		{38D3A91D-A420-4511-B830-897D0F9F4BFC}.Release|Any CPU.Build.0 = Release|Any CPU
		{C58BCD6F-5508-42DC-93F8-999482BF0B68}.Debug|Any CPU.ActiveCfg = Debug|Any CPU
		{C58BCD6F-5508-42DC-93F8-999482BF0B68}.Debug|Any CPU.Build.0 = Debug|Any CPU
		{C58BCD6F-5508-42DC-93F8-999482BF0B68}.Release|Any CPU.ActiveCfg = Release|Any CPU
		{C58BCD6F-5508-42DC-93F8-999482BF0B68}.Release|Any CPU.Build.0 = Release|Any CPU
	EndGlobalSection
	GlobalSection(SolutionProperties) = preSolution
		HideSolutionNode = FALSE
	EndGlobalSection
	GlobalSection(ExtensibilityGlobals) = postSolution
		SolutionGuid = {C9C91FE8-541B-464E-B1C5-0F15C259F884}
	EndGlobalSection
EndGlobal
